PODS:
  - Alamofire (5.6.4)
  - iPass_SDK (0.0.1):
    - Alamofire

DEPENDENCIES:
  - iPass_SDK (from `https://github.com/mobileexpert1/iPass_SDK.git`)

SPEC REPOS:
  trunk:
    - Alamofire

EXTERNAL SOURCES:
  iPass_SDK:
    :git: https://github.com/mobileexpert1/iPass_SDK.git

CHECKOUT OPTIONS:
  iPass_SDK:
    :commit: bfcd6735b2e0efcd774209ecad3c0e3f4ceda03e
    :git: https://github.com/mobileexpert1/iPass_SDK.git

SPEC CHECKSUMS:
  Alamofire: 4e95d97098eacb88856099c4fc79b526a299e48c
  iPass_SDK: c37826b585019f5c4d579146fc54a0692af5c41d

PODFILE CHECKSUM: a5a8332db69b01f43c97ab9adde7e97a1d8636e2

COCOAPODS: 1.12.0
